// !$*UTF8*$!
{
	archiveVersion = 1;
	classes = {
	};
	objectVersion = 52;
	objects = {

/* Begin PBXBuildFile section */
		0448B94D2E0125F200E359E6 /* AppDelegate.swift in Sources */ = {isa = PBXBuildFile; fileRef = 0448B94C2E0125F200E359E6 /* AppDelegate.swift */; };
		0448B94F2E0125F200E359E6 /* SceneDelegate.swift in Sources */ = {isa = PBXBuildFile; fileRef = 0448B94E2E0125F200E359E6 /* SceneDelegate.swift */; };
		0448B9542E0125F200E359E6 /* Main.storyboard in Resources */ = {isa = PBXBuildFile; fileRef = 0448B9522E0125F200E359E6 /* Main.storyboard */; };
		0448B9562E0125F300E359E6 /* Assets.xcassets in Resources */ = {isa = PBXBuildFile; fileRef = 0448B9552E0125F300E359E6 /* Assets.xcassets */; };
		0448B9592E0125F300E359E6 /* LaunchScreen.storyboard in Resources */ = {isa = PBXBuildFile; fileRef = 0448B9572E0125F300E359E6 /* LaunchScreen.storyboard */; };
		0448B9612E01329D00E359E6 /* HomeViewController.swift in Sources */ = {isa = PBXBuildFile; fileRef = 0448B9602E01329D00E359E6 /* HomeViewController.swift */; };
		0448B9652E0134D000E359E6 /* CarbonSource.swift in Sources */ = {isa = PBXBuildFile; fileRef = 0448B9642E0134D000E359E6 /* CarbonSource.swift */; };
		0448B9672E01350600E359E6 /* CarbonStorage.swift in Sources */ = {isa = PBXBuildFile; fileRef = 0448B9662E01350600E359E6 /* CarbonStorage.swift */; };
		0448B9692E0135C500E359E6 /* WalkViewController.swift in Sources */ = {isa = PBXBuildFile; fileRef = 0448B9682E0135C500E359E6 /* WalkViewController.swift */; };
		0448B96B2E0135D700E359E6 /* RunViewController.swift in Sources */ = {isa = PBXBuildFile; fileRef = 0448B96A2E0135D700E359E6 /* RunViewController.swift */; };
		0448B96F2E01360700E359E6 /* BikeViewController.swift in Sources */ = {isa = PBXBuildFile; fileRef = 0448B96E2E01360700E359E6 /* BikeViewController.swift */; };
		0448B9712E01365800E359E6 /* RecycleViewController.swift in Sources */ = {isa = PBXBuildFile; fileRef = 0448B9702E01365800E359E6 /* RecycleViewController.swift */; };
		0448B9732E01367500E359E6 /* InfoViewController.swift in Sources */ = {isa = PBXBuildFile; fileRef = 0448B9722E01367500E359E6 /* InfoViewController.swift */; };
		0448B9782E01592900E359E6 /* RewardViewController.swift in Sources */ = {isa = PBXBuildFile; fileRef = 0448B9772E01592900E359E6 /* RewardViewController.swift */; };
		0448B9812E0182A000E359E6 /* MyCustomFonts.swift in Sources */ = {isa = PBXBuildFile; fileRef = 0448B9802E0182A000E359E6 /* MyCustomFonts.swift */; };
		0448B9832E0185E400E359E6 /* Galmuri11-Bold.ttf in Resources */ = {isa = PBXBuildFile; fileRef = 0448B9822E0185E400E359E6 /* Galmuri11-Bold.ttf */; };
		0448B98B2E019FAE00E359E6 /* run.json in Resources */ = {isa = PBXBuildFile; fileRef = 0448B9852E019FAD00E359E6 /* run.json */; };
		0448B98C2E019FAE00E359E6 /* recycle.json in Resources */ = {isa = PBXBuildFile; fileRef = 0448B9862E019FAD00E359E6 /* recycle.json */; };
		0448B98D2E019FAE00E359E6 /* reward.json in Resources */ = {isa = PBXBuildFile; fileRef = 0448B9872E019FAE00E359E6 /* reward.json */; };
		0448B98E2E019FAE00E359E6 /* cat.json in Resources */ = {isa = PBXBuildFile; fileRef = 0448B9882E019FAE00E359E6 /* cat.json */; };
		0448B98F2E019FAE00E359E6 /* walk.json in Resources */ = {isa = PBXBuildFile; fileRef = 0448B9892E019FAE00E359E6 /* walk.json */; };
		0448B9902E019FAE00E359E6 /* bike.json in Resources */ = {isa = PBXBuildFile; fileRef = 0448B98A2E019FAE00E359E6 /* bike.json */; };
		045699BE2E02EA13007BCAB8 /* MovementSimulator.swift in Sources */ = {isa = PBXBuildFile; fileRef = 045699BD2E02EA13007BCAB8 /* MovementSimulator.swift */; };
		04923D3F2E01CB5C00F2C499 /* Lottie in Frameworks */ = {isa = PBXBuildFile; productRef = 04923D3E2E01CB5C00F2C499 /* Lottie */; };
		04923D412E02CC2C00F2C499 /* SpeechBubbleView.swift in Sources */ = {isa = PBXBuildFile; fileRef = 04923D402E02CC2C00F2C499 /* SpeechBubbleView.swift */; };
/* End PBXBuildFile section */

/* Begin PBXFileReference section */
		0448B9492E0125F200E359E6 /* ecorun.app */ = {isa = PBXFileReference; explicitFileType = wrapper.application; includeInIndex = 0; path = ecorun.app; sourceTree = BUILT_PRODUCTS_DIR; };
		0448B94C2E0125F200E359E6 /* AppDelegate.swift */ = {isa = PBXFileReference; lastKnownFileType = sourcecode.swift; path = AppDelegate.swift; sourceTree = "<group>"; };
		0448B94E2E0125F200E359E6 /* SceneDelegate.swift */ = {isa = PBXFileReference; lastKnownFileType = sourcecode.swift; path = SceneDelegate.swift; sourceTree = "<group>"; };
		0448B9532E0125F200E359E6 /* Base */ = {isa = PBXFileReference; lastKnownFileType = file.storyboard; name = Base; path = Base.lproj/Main.storyboard; sourceTree = "<group>"; };
		0448B9552E0125F300E359E6 /* Assets.xcassets */ = {isa = PBXFileReference; lastKnownFileType = folder.assetcatalog; path = Assets.xcassets; sourceTree = "<group>"; };
		0448B9582E0125F300E359E6 /* Base */ = {isa = PBXFileReference; lastKnownFileType = file.storyboard; name = Base; path = Base.lproj/LaunchScreen.storyboard; sourceTree = "<group>"; };
		0448B95A2E0125F300E359E6 /* Info.plist */ = {isa = PBXFileReference; lastKnownFileType = text.plist.xml; path = Info.plist; sourceTree = "<group>"; };
		0448B9602E01329D00E359E6 /* HomeViewController.swift */ = {isa = PBXFileReference; lastKnownFileType = sourcecode.swift; path = HomeViewController.swift; sourceTree = "<group>"; };
		0448B9642E0134D000E359E6 /* CarbonSource.swift */ = {isa = PBXFileReference; lastKnownFileType = sourcecode.swift; path = CarbonSource.swift; sourceTree = "<group>"; };
		0448B9662E01350600E359E6 /* CarbonStorage.swift */ = {isa = PBXFileReference; lastKnownFileType = sourcecode.swift; path = CarbonStorage.swift; sourceTree = "<group>"; };
		0448B9682E0135C500E359E6 /* WalkViewController.swift */ = {isa = PBXFileReference; lastKnownFileType = sourcecode.swift; path = WalkViewController.swift; sourceTree = "<group>"; };
		0448B96A2E0135D700E359E6 /* RunViewController.swift */ = {isa = PBXFileReference; lastKnownFileType = sourcecode.swift; path = RunViewController.swift; sourceTree = "<group>"; };
		0448B96E2E01360700E359E6 /* BikeViewController.swift */ = {isa = PBXFileReference; lastKnownFileType = sourcecode.swift; path = BikeViewController.swift; sourceTree = "<group>"; };
		0448B9702E01365800E359E6 /* RecycleViewController.swift */ = {isa = PBXFileReference; lastKnownFileType = sourcecode.swift; path = RecycleViewController.swift; sourceTree = "<group>"; };
		0448B9722E01367500E359E6 /* InfoViewController.swift */ = {isa = PBXFileReference; lastKnownFileType = sourcecode.swift; path = InfoViewController.swift; sourceTree = "<group>"; };
		0448B9772E01592900E359E6 /* RewardViewController.swift */ = {isa = PBXFileReference; lastKnownFileType = sourcecode.swift; path = RewardViewController.swift; sourceTree = "<group>"; };
		0448B9802E0182A000E359E6 /* MyCustomFonts.swift */ = {isa = PBXFileReference; lastKnownFileType = sourcecode.swift; path = MyCustomFonts.swift; sourceTree = "<group>"; };
		0448B9822E0185E400E359E6 /* Galmuri11-Bold.ttf */ = {isa = PBXFileReference; lastKnownFileType = file; path = "Galmuri11-Bold.ttf"; sourceTree = "<group>"; };
		0448B9852E019FAD00E359E6 /* run.json */ = {isa = PBXFileReference; fileEncoding = 4; lastKnownFileType = text.json; path = run.json; sourceTree = "<group>"; };
		0448B9862E019FAD00E359E6 /* recycle.json */ = {isa = PBXFileReference; fileEncoding = 4; lastKnownFileType = text.json; path = recycle.json; sourceTree = "<group>"; };
		0448B9872E019FAE00E359E6 /* reward.json */ = {isa = PBXFileReference; fileEncoding = 4; lastKnownFileType = text.json; path = reward.json; sourceTree = "<group>"; };
		0448B9882E019FAE00E359E6 /* cat.json */ = {isa = PBXFileReference; fileEncoding = 4; lastKnownFileType = text.json; path = cat.json; sourceTree = "<group>"; };
		0448B9892E019FAE00E359E6 /* walk.json */ = {isa = PBXFileReference; fileEncoding = 4; lastKnownFileType = text.json; path = walk.json; sourceTree = "<group>"; };
		0448B98A2E019FAE00E359E6 /* bike.json */ = {isa = PBXFileReference; fileEncoding = 4; lastKnownFileType = text.json; path = bike.json; sourceTree = "<group>"; };
		045699BD2E02EA13007BCAB8 /* MovementSimulator.swift */ = {isa = PBXFileReference; lastKnownFileType = sourcecode.swift; path = MovementSimulator.swift; sourceTree = "<group>"; };
		04923D402E02CC2C00F2C499 /* SpeechBubbleView.swift */ = {isa = PBXFileReference; lastKnownFileType = sourcecode.swift; path = SpeechBubbleView.swift; sourceTree = "<group>"; };
/* End PBXFileReference section */

/* Begin PBXFrameworksBuildPhase section */
		0448B9462E0125F200E359E6 /* Frameworks */ = {
			isa = PBXFrameworksBuildPhase;
			buildActionMask = 2147483647;
			files = (
				04923D3F2E01CB5C00F2C499 /* Lottie in Frameworks */,
			);
			runOnlyForDeploymentPostprocessing = 0;
		};
/* End PBXFrameworksBuildPhase section */

/* Begin PBXGroup section */
		0448B9402E0125F200E359E6 = {
			isa = PBXGroup;
			children = (
				0448B94B2E0125F200E359E6 /* ecorun */,
				0448B94A2E0125F200E359E6 /* Products */,
				04923D3D2E01CB1600F2C499 /* Frameworks */,
			);
			sourceTree = "<group>";
		};
		0448B94A2E0125F200E359E6 /* Products */ = {
			isa = PBXGroup;
			children = (
				0448B9492E0125F200E359E6 /* ecorun.app */,
			);
			name = Products;
			sourceTree = "<group>";
		};
		0448B94B2E0125F200E359E6 /* ecorun */ = {
			isa = PBXGroup;
			children = (
				0448B9842E019E4600E359E6 /* Lottie */,
				0448B97E2E01822E00E359E6 /* Fonts */,
				0448B94C2E0125F200E359E6 /* AppDelegate.swift */,
				0448B9682E0135C500E359E6 /* WalkViewController.swift */,
				0448B94E2E0125F200E359E6 /* SceneDelegate.swift */,
				0448B9522E0125F200E359E6 /* Main.storyboard */,
				0448B9602E01329D00E359E6 /* HomeViewController.swift */,
				0448B9552E0125F300E359E6 /* Assets.xcassets */,
				0448B9572E0125F300E359E6 /* LaunchScreen.storyboard */,
				0448B95A2E0125F300E359E6 /* Info.plist */,
				0448B9642E0134D000E359E6 /* CarbonSource.swift */,
				0448B9662E01350600E359E6 /* CarbonStorage.swift */,
				0448B96A2E0135D700E359E6 /* RunViewController.swift */,
				0448B96E2E01360700E359E6 /* BikeViewController.swift */,
				0448B9702E01365800E359E6 /* RecycleViewController.swift */,
				0448B9722E01367500E359E6 /* InfoViewController.swift */,
				0448B9772E01592900E359E6 /* RewardViewController.swift */,
				0448B9802E0182A000E359E6 /* MyCustomFonts.swift */,
				04923D402E02CC2C00F2C499 /* SpeechBubbleView.swift */,
				045699BD2E02EA13007BCAB8 /* MovementSimulator.swift */,
			);
			path = ecorun;
			sourceTree = "<group>";
		};
		0448B97E2E01822E00E359E6 /* Fonts */ = {
			isa = PBXGroup;
			children = (
				0448B9822E0185E400E359E6 /* Galmuri11-Bold.ttf */,
			);
			path = Fonts;
			sourceTree = "<group>";
		};
		0448B9842E019E4600E359E6 /* Lottie */ = {
			isa = PBXGroup;
			children = (
				0448B98A2E019FAE00E359E6 /* bike.json */,
				0448B9882E019FAE00E359E6 /* cat.json */,
				0448B9862E019FAD00E359E6 /* recycle.json */,
				0448B9872E019FAE00E359E6 /* reward.json */,
				0448B9852E019FAD00E359E6 /* run.json */,
				0448B9892E019FAE00E359E6 /* walk.json */,
			);
			path = Lottie;
			sourceTree = "<group>";
		};
		04923D3D2E01CB1600F2C499 /* Frameworks */ = {
			isa = PBXGroup;
			children = (
			);
			name = Frameworks;
			sourceTree = "<group>";
		};
/* End PBXGroup section */

/* Begin PBXNativeTarget section */
		0448B9482E0125F200E359E6 /* ecorun */ = {
			isa = PBXNativeTarget;
			buildConfigurationList = 0448B95D2E0125F300E359E6 /* Build configuration list for PBXNativeTarget "ecorun" */;
			buildPhases = (
				0448B9452E0125F200E359E6 /* Sources */,
				0448B9462E0125F200E359E6 /* Frameworks */,
				0448B9472E0125F200E359E6 /* Resources */,
			);
			buildRules = (
			);
			dependencies = (
			);
			name = ecorun;
			packageProductDependencies = (
				04923D3E2E01CB5C00F2C499 /* Lottie */,
			);
			productName = ecorun;
			productReference = 0448B9492E0125F200E359E6 /* ecorun.app */;
			productType = "com.apple.product-type.application";
		};
/* End PBXNativeTarget section */

/* Begin PBXProject section */
		0448B9412E0125F200E359E6 /* Project object */ = {
			isa = PBXProject;
			attributes = {
				KnownAssetTags = (
					123,
				);
				LastSwiftUpdateCheck = 1250;
				LastUpgradeCheck = 1250;
				TargetAttributes = {
					0448B9482E0125F200E359E6 = {
						CreatedOnToolsVersion = 12.5;
					};
				};
			};
			buildConfigurationList = 0448B9442E0125F200E359E6 /* Build configuration list for PBXProject "ecorun" */;
			compatibilityVersion = "Xcode 9.3";
			developmentRegion = en;
			hasScannedForEncodings = 0;
			knownRegions = (
				en,
				Base,
			);
			mainGroup = 0448B9402E0125F200E359E6;
			packageReferences = (
				0448B9742E01493300E359E6 /* XCRemoteSwiftPackageReference "lottie-ios" */,
			);
			productRefGroup = 0448B94A2E0125F200E359E6 /* Products */;
			projectDirPath = "";
			projectRoot = "";
			targets = (
				0448B9482E0125F200E359E6 /* ecorun */,
			);
		};
/* End PBXProject section */

/* Begin PBXResourcesBuildPhase section */
		0448B9472E0125F200E359E6 /* Resources */ = {
			isa = PBXResourcesBuildPhase;
			buildActionMask = 2147483647;
			files = (
				0448B98E2E019FAE00E359E6 /* cat.json in Resources */,
				0448B9592E0125F300E359E6 /* LaunchScreen.storyboard in Resources */,
				0448B98F2E019FAE00E359E6 /* walk.json in Resources */,
				0448B9562E0125F300E359E6 /* Assets.xcassets in Resources */,
				0448B9902E019FAE00E359E6 /* bike.json in Resources */,
				0448B9542E0125F200E359E6 /* Main.storyboard in Resources */,
				0448B98C2E019FAE00E359E6 /* recycle.json in Resources */,
				0448B98D2E019FAE00E359E6 /* reward.json in Resources */,
				0448B98B2E019FAE00E359E6 /* run.json in Resources */,
				0448B9832E0185E400E359E6 /* Galmuri11-Bold.ttf in Resources */,
			);
			runOnlyForDeploymentPostprocessing = 0;
		};
/* End PBXResourcesBuildPhase section */

/* Begin PBXSourcesBuildPhase section */
		0448B9452E0125F200E359E6 /* Sources */ = {
			isa = PBXSourcesBuildPhase;
			buildActionMask = 2147483647;
			files = (
				0448B94D2E0125F200E359E6 /* AppDelegate.swift in Sources */,
				0448B9812E0182A000E359E6 /* MyCustomFonts.swift in Sources */,
				04923D412E02CC2C00F2C499 /* SpeechBubbleView.swift in Sources */,
				0448B9652E0134D000E359E6 /* CarbonSource.swift in Sources */,
				0448B9732E01367500E359E6 /* InfoViewController.swift in Sources */,
				0448B94F2E0125F200E359E6 /* SceneDelegate.swift in Sources */,
				0448B96F2E01360700E359E6 /* BikeViewController.swift in Sources */,
				0448B9782E01592900E359E6 /* RewardViewController.swift in Sources */,
				0448B9672E01350600E359E6 /* CarbonStorage.swift in Sources */,
				0448B9612E01329D00E359E6 /* HomeViewController.swift in Sources */,
				0448B96B2E0135D700E359E6 /* RunViewController.swift in Sources */,
				045699BE2E02EA13007BCAB8 /* MovementSimulator.swift in Sources */,
				0448B9692E0135C500E359E6 /* WalkViewController.swift in Sources */,
				0448B9712E01365800E359E6 /* RecycleViewController.swift in Sources */,
			);
			runOnlyForDeploymentPostprocessing = 0;
		};
/* End PBXSourcesBuildPhase section */

/* Begin PBXVariantGroup section */
		0448B9522E0125F200E359E6 /* Main.storyboard */ = {
			isa = PBXVariantGroup;
			children = (
				0448B9532E0125F200E359E6 /* Base */,
			);
			name = Main.storyboard;
			sourceTree = "<group>";
		};
		0448B9572E0125F300E359E6 /* LaunchScreen.storyboard */ = {
			isa = PBXVariantGroup;
			children = (
				0448B9582E0125F300E359E6 /* Base */,
			);
			name = LaunchScreen.storyboard;
			sourceTree = "<group>";
		};
/* End PBXVariantGroup section */

/* Begin XCBuildConfiguration section */
		0448B95B2E0125F300E359E6 /* Debug */ = {
			isa = XCBuildConfiguration;
			buildSettings = {
				ALWAYS_SEARCH_USER_PATHS = NO;
				CLANG_ANALYZER_NONNULL = YES;
				CLANG_ANALYZER_NUMBER_OBJECT_CONVERSION = YES_AGGRESSIVE;
				CLANG_CXX_LANGUAGE_STANDARD = "gnu++14";
				CLANG_CXX_LIBRARY = "libc++";
				CLANG_ENABLE_MODULES = YES;
				CLANG_ENABLE_OBJC_ARC = YES;
				CLANG_ENABLE_OBJC_WEAK = YES;
				CLANG_WARN_BLOCK_CAPTURE_AUTORELEASING = YES;
				CLANG_WARN_BOOL_CONVERSION = YES;
				CLANG_WARN_COMMA = YES;
				CLANG_WARN_CONSTANT_CONVERSION = YES;
				CLANG_WARN_DEPRECATED_OBJC_IMPLEMENTATIONS = YES;
				CLANG_WARN_DIRECT_OBJC_ISA_USAGE = YES_ERROR;
				CLANG_WARN_DOCUMENTATION_COMMENTS = YES;
				CLANG_WARN_EMPTY_BODY = YES;
				CLANG_WARN_ENUM_CONVERSION = YES;
				CLANG_WARN_INFINITE_RECURSION = YES;
				CLANG_WARN_INT_CONVERSION = YES;
				CLANG_WARN_NON_LITERAL_NULL_CONVERSION = YES;
				CLANG_WARN_OBJC_IMPLICIT_RETAIN_SELF = YES;
				CLANG_WARN_OBJC_LITERAL_CONVERSION = YES;
				CLANG_WARN_OBJC_ROOT_CLASS = YES_ERROR;
				CLANG_WARN_QUOTED_INCLUDE_IN_FRAMEWORK_HEADER = YES;
				CLANG_WARN_RANGE_LOOP_ANALYSIS = YES;
				CLANG_WARN_STRICT_PROTOTYPES = YES;
				CLANG_WARN_SUSPICIOUS_MOVE = YES;
				CLANG_WARN_UNGUARDED_AVAILABILITY = YES_AGGRESSIVE;
				CLANG_WARN_UNREACHABLE_CODE = YES;
				CLANG_WARN__DUPLICATE_METHOD_MATCH = YES;
				COPY_PHASE_STRIP = NO;
				DEBUG_INFORMATION_FORMAT = dwarf;
				ENABLE_STRICT_OBJC_MSGSEND = YES;
				ENABLE_TESTABILITY = YES;
				GCC_C_LANGUAGE_STANDARD = gnu11;
				GCC_DYNAMIC_NO_PIC = NO;
				GCC_NO_COMMON_BLOCKS = YES;
				GCC_OPTIMIZATION_LEVEL = 0;
				GCC_PREPROCESSOR_DEFINITIONS = (
					"DEBUG=1",
					"$(inherited)",
				);
				GCC_WARN_64_TO_32_BIT_CONVERSION = YES;
				GCC_WARN_ABOUT_RETURN_TYPE = YES_ERROR;
				GCC_WARN_UNDECLARED_SELECTOR = YES;
				GCC_WARN_UNINITIALIZED_AUTOS = YES_AGGRESSIVE;
				GCC_WARN_UNUSED_FUNCTION = YES;
				GCC_WARN_UNUSED_VARIABLE = YES;
				IPHONEOS_DEPLOYMENT_TARGET = 14.5;
				MTL_ENABLE_DEBUG_INFO = INCLUDE_SOURCE;
				MTL_FAST_MATH = YES;
				ONLY_ACTIVE_ARCH = YES;
				SDKROOT = iphoneos;
				SWIFT_ACTIVE_COMPILATION_CONDITIONS = DEBUG;
				SWIFT_OPTIMIZATION_LEVEL = "-Onone";
			};
			name = Debug;
		};
		0448B95C2E0125F300E359E6 /* Release */ = {
			isa = XCBuildConfiguration;
			buildSettings = {
				ALWAYS_SEARCH_USER_PATHS = NO;
				CLANG_ANALYZER_NONNULL = YES;
				CLANG_ANALYZER_NUMBER_OBJECT_CONVERSION = YES_AGGRESSIVE;
				CLANG_CXX_LANGUAGE_STANDARD = "gnu++14";
				CLANG_CXX_LIBRARY = "libc++";
				CLANG_ENABLE_MODULES = YES;
				CLANG_ENABLE_OBJC_ARC = YES;
				CLANG_ENABLE_OBJC_WEAK = YES;
				CLANG_WARN_BLOCK_CAPTURE_AUTORELEASING = YES;
				CLANG_WARN_BOOL_CONVERSION = YES;
				CLANG_WARN_COMMA = YES;
				CLANG_WARN_CONSTANT_CONVERSION = YES;
				CLANG_WARN_DEPRECATED_OBJC_IMPLEMENTATIONS = YES;
				CLANG_WARN_DIRECT_OBJC_ISA_USAGE = YES_ERROR;
				CLANG_WARN_DOCUMENTATION_COMMENTS = YES;
				CLANG_WARN_EMPTY_BODY = YES;
				CLANG_WARN_ENUM_CONVERSION = YES;
				CLANG_WARN_INFINITE_RECURSION = YES;
				CLANG_WARN_INT_CONVERSION = YES;
				CLANG_WARN_NON_LITERAL_NULL_CONVERSION = YES;
				CLANG_WARN_OBJC_IMPLICIT_RETAIN_SELF = YES;
				CLANG_WARN_OBJC_LITERAL_CONVERSION = YES;
				CLANG_WARN_OBJC_ROOT_CLASS = YES_ERROR;
				CLANG_WARN_QUOTED_INCLUDE_IN_FRAMEWORK_HEADER = YES;
				CLANG_WARN_RANGE_LOOP_ANALYSIS = YES;
				CLANG_WARN_STRICT_PROTOTYPES = YES;
				CLANG_WARN_SUSPICIOUS_MOVE = YES;
				CLANG_WARN_UNGUARDED_AVAILABILITY = YES_AGGRESSIVE;
				CLANG_WARN_UNREACHABLE_CODE = YES;
				CLANG_WARN__DUPLICATE_METHOD_MATCH = YES;
				COPY_PHASE_STRIP = NO;
				DEBUG_INFORMATION_FORMAT = "dwarf-with-dsym";
				ENABLE_NS_ASSERTIONS = NO;
				ENABLE_STRICT_OBJC_MSGSEND = YES;
				GCC_C_LANGUAGE_STANDARD = gnu11;
				GCC_NO_COMMON_BLOCKS = YES;
				GCC_WARN_64_TO_32_BIT_CONVERSION = YES;
				GCC_WARN_ABOUT_RETURN_TYPE = YES_ERROR;
				GCC_WARN_UNDECLARED_SELECTOR = YES;
				GCC_WARN_UNINITIALIZED_AUTOS = YES_AGGRESSIVE;
				GCC_WARN_UNUSED_FUNCTION = YES;
				GCC_WARN_UNUSED_VARIABLE = YES;
				IPHONEOS_DEPLOYMENT_TARGET = 14.5;
				MTL_ENABLE_DEBUG_INFO = NO;
				MTL_FAST_MATH = YES;
				SDKROOT = iphoneos;
				SWIFT_COMPILATION_MODE = wholemodule;
				SWIFT_OPTIMIZATION_LEVEL = "-O";
				VALIDATE_PRODUCT = YES;
			};
			name = Release;
		};
		0448B95E2E0125F300E359E6 /* Debug */ = {
			isa = XCBuildConfiguration;
			buildSettings = {
				ASSETCATALOG_COMPILER_APPICON_NAME = AppIcon;
				ASSETCATALOG_COMPILER_GLOBAL_ACCENT_COLOR_NAME = AccentColor;
				CODE_SIGN_STYLE = Automatic;
				INFOPLIST_FILE = ecorun/Info.plist;
				LD_RUNPATH_SEARCH_PATHS = (
					"$(inherited)",
					"@executable_path/Frameworks",
				);
				PRODUCT_BUNDLE_IDENTIFIER = ios.ecorun;
				PRODUCT_NAME = "$(TARGET_NAME)";
				SWIFT_VERSION = 5.0;
				TARGETED_DEVICE_FAMILY = "1,2";
			};
			name = Debug;
		};
		0448B95F2E0125F300E359E6 /* Release */ = {
			isa = XCBuildConfiguration;
			buildSettings = {
				ASSETCATALOG_COMPILER_APPICON_NAME = AppIcon;
				ASSETCATALOG_COMPILER_GLOBAL_ACCENT_COLOR_NAME = AccentColor;
				CODE_SIGN_STYLE = Automatic;
				INFOPLIST_FILE = ecorun/Info.plist;
				LD_RUNPATH_SEARCH_PATHS = (
					"$(inherited)",
					"@executable_path/Frameworks",
				);
				PRODUCT_BUNDLE_IDENTIFIER = ios.ecorun;
				PRODUCT_NAME = "$(TARGET_NAME)";
				SWIFT_VERSION = 5.0;
				TARGETED_DEVICE_FAMILY = "1,2";
			};
			name = Release;
		};
/* End XCBuildConfiguration section */

/* Begin XCConfigurationList section */
		0448B9442E0125F200E359E6 /* Build configuration list for PBXProject "ecorun" */ = {
			isa = XCConfigurationList;
			buildConfigurations = (
				0448B95B2E0125F300E359E6 /* Debug */,
				0448B95C2E0125F300E359E6 /* Release */,
			);
			defaultConfigurationIsVisible = 0;
			defaultConfigurationName = Release;
		};
		0448B95D2E0125F300E359E6 /* Build configuration list for PBXNativeTarget "ecorun" */ = {
			isa = XCConfigurationList;
			buildConfigurations = (
				0448B95E2E0125F300E359E6 /* Debug */,
				0448B95F2E0125F300E359E6 /* Release */,
			);
			defaultConfigurationIsVisible = 0;
			defaultConfigurationName = Release;
		};
/* End XCConfigurationList section */

/* Begin XCRemoteSwiftPackageReference section */
		0448B9742E01493300E359E6 /* XCRemoteSwiftPackageReference "lottie-ios" */ = {
			isa = XCRemoteSwiftPackageReference;
			repositoryURL = "https://github.com/airbnb/lottie-ios.git";
			requirement = {
				kind = exactVersion;
				version = 3.4.2;
			};
		};
/* End XCRemoteSwiftPackageReference section */

/* Begin XCSwiftPackageProductDependency section */
		04923D3E2E01CB5C00F2C499 /* Lottie */ = {
			isa = XCSwiftPackageProductDependency;
			package = 0448B9742E01493300E359E6 /* XCRemoteSwiftPackageReference "lottie-ios" */;
			productName = Lottie;
		};
/* End XCSwiftPackageProductDependency section */
	};
	rootObject = 0448B9412E0125F200E359E6 /* Project object */;
}
